
Microsoft Visual Studio Solution File, Format Version 12.00
# Visual Studio Version 17
VisualStudioVersion = 17.9.34622.214
MinimumVisualStudioVersion = 10.0.40219.1
Project("{888888A0-9F3D-457C-B088-3A5042F75D52}") = "Python++", "Python++\Python++.pyproj", "{D17EE3F7-2EAE-4A72-BE0D-5DA94C860517}"
EndProject
Global
	GlobalSection(SolutionConfigurationPlatforms) = preSolution
		Debug|Any CPU = Debug|Any CPU
		Release|Any CPU = Release|Any CPU
	EndGlobalSection
	GlobalSection(ProjectConfigurationPlatforms) = postSolution
		{D17EE3F7-2EAE-4A72-BE0D-5DA94C860517}.Debug|Any CPU.ActiveCfg = Debug|Any CPU
		{D17EE3F7-2EAE-4A72-BE0D-5DA94C860517}.Release|Any CPU.ActiveCfg = Release|Any CPU
	EndGlobalSection
	GlobalSection(SolutionProperties) = preSolution
		HideSolutionNode = FALSE
	EndGlobalSection
	GlobalSection(ExtensibilityGlobals) = postSolution
		SolutionGuid = {877F4D28-1165-462E-914A-7617E2B5603E}
	EndGlobalSection
EndGlobal
