
Microsoft Visual Studio Solution File, Format Version 12.00
# Visual Studio Version 17
VisualStudioVersion = 17.9.34714.143
MinimumVisualStudioVersion = 10.0.40219.1
Project("{888888A0-9F3D-457C-B088-3A5042F75D52}") = "Python  new", "Python  new\Python  new.pyproj", "{598A1E0C-87AB-4BD3-9150-82E457DC7A14}"
EndProject
Global
	GlobalSection(SolutionConfigurationPlatforms) = preSolution
		Debug|Any CPU = Debug|Any CPU
		Release|Any CPU = Release|Any CPU
	EndGlobalSection
	GlobalSection(ProjectConfigurationPlatforms) = postSolution
		{598A1E0C-87AB-4BD3-9150-82E457DC7A14}.Debug|Any CPU.ActiveCfg = Debug|Any CPU
		{598A1E0C-87AB-4BD3-9150-82E457DC7A14}.Release|Any CPU.ActiveCfg = Release|Any CPU
	EndGlobalSection
	GlobalSection(SolutionProperties) = preSolution
		HideSolutionNode = FALSE
	EndGlobalSection
	GlobalSection(ExtensibilityGlobals) = postSolution
		SolutionGuid = {A9DA8242-CF29-4536-993B-A4CD7A1D3C75}
	EndGlobalSection
EndGlobal
