
Microsoft Visual Studio Solution File, Format Version 12.00
# Visual Studio Version 17
VisualStudioVersion = 17.9.34714.143
MinimumVisualStudioVersion = 10.0.40219.1
Project("{888888A0-9F3D-457C-B088-3A5042F75D52}") = "סיכום 10", "סיכום 10\סיכום 10.pyproj", "{AE22D58A-0B45-49E3-BD48-FBE16E791C95}"
EndProject
Global
	GlobalSection(SolutionConfigurationPlatforms) = preSolution
		Debug|Any CPU = Debug|Any CPU
		Release|Any CPU = Release|Any CPU
	EndGlobalSection
	GlobalSection(ProjectConfigurationPlatforms) = postSolution
		{AE22D58A-0B45-49E3-BD48-FBE16E791C95}.Debug|Any CPU.ActiveCfg = Debug|Any CPU
		{AE22D58A-0B45-49E3-BD48-FBE16E791C95}.Release|Any CPU.ActiveCfg = Release|Any CPU
	EndGlobalSection
	GlobalSection(SolutionProperties) = preSolution
		HideSolutionNode = FALSE
	EndGlobalSection
	GlobalSection(ExtensibilityGlobals) = postSolution
		SolutionGuid = {44D4D956-A6BE-404C-997E-B36C5BDF05C8}
	EndGlobalSection
EndGlobal
